// !$*UTF8*$!
{
	archiveVersion = 1;
	classes = {
	};
	objectVersion = 50;
	objects = {

/* Begin PBXBuildFile section */
		0D963293692466C9C897C13D /* Pods_testingUITests.framework in Frameworks */ = {isa = PBXBuildFile; fileRef = 066CCB1196948EDB3836730E /* Pods_testingUITests.framework */; };
		7F04B0FF215C863A00BEB7A3 /* DatasetRealm.swift in Sources */ = {isa = PBXBuildFile; fileRef = 7F04B0FE215C863A00BEB7A3 /* DatasetRealm.swift */; };
		7F83E116216DD06E00D3B892 /* imageTestViewController.swift in Sources */ = {isa = PBXBuildFile; fileRef = 7F83E115216DD06E00D3B892 /* imageTestViewController.swift */; };
		7F83E119216DD76500D3B892 /* Realm.framework in Frameworks */ = {isa = PBXBuildFile; fileRef = 7FBA6AA72159FB3400E376C9 /* Realm.framework */; };
		7F83E11B216DD76500D3B892 /* RealmSwift.framework in Frameworks */ = {isa = PBXBuildFile; fileRef = 7FBA6AA92159FB3400E376C9 /* RealmSwift.framework */; };
		7F83E11D216DD76500D3B892 /* Pods_testing.framework in Frameworks */ = {isa = PBXBuildFile; fileRef = E7DD04B32DD20D36AC8BCC2B /* Pods_testing.framework */; };
		7F8F89272166F3BA00A8D36A /* OnOffButton.swift in Sources */ = {isa = PBXBuildFile; fileRef = 7F8F89262166F3B900A8D36A /* OnOffButton.swift */; };
		7FBBDF46215379A8007F015F /* AppDelegate.swift in Sources */ = {isa = PBXBuildFile; fileRef = 7FBBDF45215379A8007F015F /* AppDelegate.swift */; };
		7FBBDF48215379A8007F015F /* ViewController.swift in Sources */ = {isa = PBXBuildFile; fileRef = 7FBBDF47215379A8007F015F /* ViewController.swift */; };
		7FBBDF4B215379A8007F015F /* Main.storyboard in Resources */ = {isa = PBXBuildFile; fileRef = 7FBBDF49215379A8007F015F /* Main.storyboard */; };
		7FBBDF4E215379A8007F015F /* testing.xcdatamodeld in Sources */ = {isa = PBXBuildFile; fileRef = 7FBBDF4C215379A8007F015F /* testing.xcdatamodeld */; };
		7FBBDF50215379B4007F015F /* Assets.xcassets in Resources */ = {isa = PBXBuildFile; fileRef = 7FBBDF4F215379B4007F015F /* Assets.xcassets */; };
		7FBBDF53215379B4007F015F /* LaunchScreen.storyboard in Resources */ = {isa = PBXBuildFile; fileRef = 7FBBDF51215379B4007F015F /* LaunchScreen.storyboard */; };
		7FBBDF5E215379B5007F015F /* testingTests.swift in Sources */ = {isa = PBXBuildFile; fileRef = 7FBBDF5D215379B5007F015F /* testingTests.swift */; };
		7FBBDF69215379B5007F015F /* testingUITests.swift in Sources */ = {isa = PBXBuildFile; fileRef = 7FBBDF68215379B5007F015F /* testingUITests.swift */; };
		7FBBDF7721537B52007F015F /* pushAction.swift in Sources */ = {isa = PBXBuildFile; fileRef = 7FBBDF7621537B52007F015F /* pushAction.swift */; };
		7FF62D3621549AF300965D34 /* ConfigViewController.swift in Sources */ = {isa = PBXBuildFile; fileRef = 7FF62D3521549AF300965D34 /* ConfigViewController.swift */; };
		7FFC3D182166EE47005C4C58 /* voiceConfig.swift in Sources */ = {isa = PBXBuildFile; fileRef = 7FFC3D172166EE47005C4C58 /* voiceConfig.swift */; };
		F7A312DCAA8E0231B80A156B /* Pods_testingTests.framework in Frameworks */ = {isa = PBXBuildFile; fileRef = 36BEEDF8FA84A009CDDA065F /* Pods_testingTests.framework */; };
/* End PBXBuildFile section */

/* Begin PBXContainerItemProxy section */
		7FBBDF5A215379B5007F015F /* PBXContainerItemProxy */ = {
			isa = PBXContainerItemProxy;
			containerPortal = 7FBBDF3A215379A8007F015F /* Project object */;
			proxyType = 1;
			remoteGlobalIDString = 7FBBDF41215379A8007F015F;
			remoteInfo = testing;
		};
		7FBBDF65215379B5007F015F /* PBXContainerItemProxy */ = {
			isa = PBXContainerItemProxy;
			containerPortal = 7FBBDF3A215379A8007F015F /* Project object */;
			proxyType = 1;
			remoteGlobalIDString = 7FBBDF41215379A8007F015F;
			remoteInfo = testing;
		};
/* End PBXContainerItemProxy section */

/* Begin PBXFileReference section */
		066CCB1196948EDB3836730E /* Pods_testingUITests.framework */ = {isa = PBXFileReference; explicitFileType = wrapper.framework; includeInIndex = 0; path = Pods_testingUITests.framework; sourceTree = BUILT_PRODUCTS_DIR; };
		36BEEDF8FA84A009CDDA065F /* Pods_testingTests.framework */ = {isa = PBXFileReference; explicitFileType = wrapper.framework; includeInIndex = 0; path = Pods_testingTests.framework; sourceTree = BUILT_PRODUCTS_DIR; };
		7F04B0FE215C863A00BEB7A3 /* DatasetRealm.swift */ = {isa = PBXFileReference; lastKnownFileType = sourcecode.swift; path = DatasetRealm.swift; sourceTree = "<group>"; };
		7F83E115216DD06E00D3B892 /* imageTestViewController.swift */ = {isa = PBXFileReference; lastKnownFileType = sourcecode.swift; path = imageTestViewController.swift; sourceTree = "<group>"; };
		7F8F89262166F3B900A8D36A /* OnOffButton.swift */ = {isa = PBXFileReference; lastKnownFileType = sourcecode.swift; path = OnOffButton.swift; sourceTree = "<group>"; };
		7FBA6AA72159FB3400E376C9 /* Realm.framework */ = {isa = PBXFileReference; explicitFileType = wrapper.framework; path = Realm.framework; sourceTree = BUILT_PRODUCTS_DIR; };
		7FBA6AA92159FB3400E376C9 /* RealmSwift.framework */ = {isa = PBXFileReference; explicitFileType = wrapper.framework; path = RealmSwift.framework; sourceTree = BUILT_PRODUCTS_DIR; };
		7FBA6AAB2159FB6C00E376C9 /* BEMCheckBox.framework */ = {isa = PBXFileReference; explicitFileType = wrapper.framework; path = BEMCheckBox.framework; sourceTree = BUILT_PRODUCTS_DIR; };
		7FBBDF42215379A8007F015F /* testing.app */ = {isa = PBXFileReference; explicitFileType = wrapper.application; includeInIndex = 0; path = testing.app; sourceTree = BUILT_PRODUCTS_DIR; };
		7FBBDF45215379A8007F015F /* AppDelegate.swift */ = {isa = PBXFileReference; lastKnownFileType = sourcecode.swift; path = AppDelegate.swift; sourceTree = "<group>"; };
		7FBBDF47215379A8007F015F /* ViewController.swift */ = {isa = PBXFileReference; lastKnownFileType = sourcecode.swift; path = ViewController.swift; sourceTree = "<group>"; };
		7FBBDF4A215379A8007F015F /* Base */ = {isa = PBXFileReference; lastKnownFileType = file.storyboard; name = Base; path = Base.lproj/Main.storyboard; sourceTree = "<group>"; };
		7FBBDF4D215379A8007F015F /* testing.xcdatamodel */ = {isa = PBXFileReference; lastKnownFileType = wrapper.xcdatamodel; path = testing.xcdatamodel; sourceTree = "<group>"; };
		7FBBDF4F215379B4007F015F /* Assets.xcassets */ = {isa = PBXFileReference; lastKnownFileType = folder.assetcatalog; path = Assets.xcassets; sourceTree = "<group>"; };
		7FBBDF52215379B4007F015F /* Base */ = {isa = PBXFileReference; lastKnownFileType = file.storyboard; name = Base; path = Base.lproj/LaunchScreen.storyboard; sourceTree = "<group>"; };
		7FBBDF54215379B4007F015F /* Info.plist */ = {isa = PBXFileReference; lastKnownFileType = text.plist.xml; path = Info.plist; sourceTree = "<group>"; };
		7FBBDF59215379B5007F015F /* testingTests.xctest */ = {isa = PBXFileReference; explicitFileType = wrapper.cfbundle; includeInIndex = 0; path = testingTests.xctest; sourceTree = BUILT_PRODUCTS_DIR; };
		7FBBDF5D215379B5007F015F /* testingTests.swift */ = {isa = PBXFileReference; lastKnownFileType = sourcecode.swift; path = testingTests.swift; sourceTree = "<group>"; };
		7FBBDF5F215379B5007F015F /* Info.plist */ = {isa = PBXFileReference; lastKnownFileType = text.plist.xml; path = Info.plist; sourceTree = "<group>"; };
		7FBBDF64215379B5007F015F /* testingUITests.xctest */ = {isa = PBXFileReference; explicitFileType = wrapper.cfbundle; includeInIndex = 0; path = testingUITests.xctest; sourceTree = BUILT_PRODUCTS_DIR; };
		7FBBDF68215379B5007F015F /* testingUITests.swift */ = {isa = PBXFileReference; lastKnownFileType = sourcecode.swift; path = testingUITests.swift; sourceTree = "<group>"; };
		7FBBDF6A215379B5007F015F /* Info.plist */ = {isa = PBXFileReference; lastKnownFileType = text.plist.xml; path = Info.plist; sourceTree = "<group>"; };
		7FBBDF7621537B52007F015F /* pushAction.swift */ = {isa = PBXFileReference; lastKnownFileType = sourcecode.swift; path = pushAction.swift; sourceTree = "<group>"; };
		7FF62D3521549AF300965D34 /* ConfigViewController.swift */ = {isa = PBXFileReference; lastKnownFileType = sourcecode.swift; path = ConfigViewController.swift; sourceTree = "<group>"; };
		7FFC3D172166EE47005C4C58 /* voiceConfig.swift */ = {isa = PBXFileReference; lastKnownFileType = sourcecode.swift; path = voiceConfig.swift; sourceTree = "<group>"; };
		A5C2E735AE40AD3E347298E6 /* Pods-testingUITests.release.xcconfig */ = {isa = PBXFileReference; includeInIndex = 1; lastKnownFileType = text.xcconfig; name = "Pods-testingUITests.release.xcconfig"; path = "Pods/Target Support Files/Pods-testingUITests/Pods-testingUITests.release.xcconfig"; sourceTree = "<group>"; };
		A92A105B2D342BBE7AAB95A5 /* Pods-testing.debug.xcconfig */ = {isa = PBXFileReference; includeInIndex = 1; lastKnownFileType = text.xcconfig; name = "Pods-testing.debug.xcconfig"; path = "Pods/Target Support Files/Pods-testing/Pods-testing.debug.xcconfig"; sourceTree = "<group>"; };
		BE1D466456BD14A32E960DDD /* Pods-testingUITests.debug.xcconfig */ = {isa = PBXFileReference; includeInIndex = 1; lastKnownFileType = text.xcconfig; name = "Pods-testingUITests.debug.xcconfig"; path = "Pods/Target Support Files/Pods-testingUITests/Pods-testingUITests.debug.xcconfig"; sourceTree = "<group>"; };
		CA8A40608870D5DA212FCA52 /* Pods-testing.release.xcconfig */ = {isa = PBXFileReference; includeInIndex = 1; lastKnownFileType = text.xcconfig; name = "Pods-testing.release.xcconfig"; path = "Pods/Target Support Files/Pods-testing/Pods-testing.release.xcconfig"; sourceTree = "<group>"; };
		D7D3E24EF788638A3495EB31 /* Pods-testingTests.debug.xcconfig */ = {isa = PBXFileReference; includeInIndex = 1; lastKnownFileType = text.xcconfig; name = "Pods-testingTests.debug.xcconfig"; path = "Pods/Target Support Files/Pods-testingTests/Pods-testingTests.debug.xcconfig"; sourceTree = "<group>"; };
		E7DD04B32DD20D36AC8BCC2B /* Pods_testing.framework */ = {isa = PBXFileReference; explicitFileType = wrapper.framework; includeInIndex = 0; path = Pods_testing.framework; sourceTree = BUILT_PRODUCTS_DIR; };
		EB548F5211C55CB5D8ACE0C4 /* Pods-testingTests.release.xcconfig */ = {isa = PBXFileReference; includeInIndex = 1; lastKnownFileType = text.xcconfig; name = "Pods-testingTests.release.xcconfig"; path = "Pods/Target Support Files/Pods-testingTests/Pods-testingTests.release.xcconfig"; sourceTree = "<group>"; };
/* End PBXFileReference section */

/* Begin PBXFrameworksBuildPhase section */
		7FBBDF3F215379A8007F015F /* Frameworks */ = {
			isa = PBXFrameworksBuildPhase;
			buildActionMask = 2147483647;
			files = (
				7F83E119216DD76500D3B892 /* Realm.framework in Frameworks */,
				7F83E11B216DD76500D3B892 /* RealmSwift.framework in Frameworks */,
				7F83E11D216DD76500D3B892 /* Pods_testing.framework in Frameworks */,
			);
			runOnlyForDeploymentPostprocessing = 0;
		};
		7FBBDF56215379B5007F015F /* Frameworks */ = {
			isa = PBXFrameworksBuildPhase;
			buildActionMask = 2147483647;
			files = (
				F7A312DCAA8E0231B80A156B /* Pods_testingTests.framework in Frameworks */,
			);
			runOnlyForDeploymentPostprocessing = 0;
		};
		7FBBDF61215379B5007F015F /* Frameworks */ = {
			isa = PBXFrameworksBuildPhase;
			buildActionMask = 2147483647;
			files = (
				0D963293692466C9C897C13D /* Pods_testingUITests.framework in Frameworks */,
			);
			runOnlyForDeploymentPostprocessing = 0;
		};
/* End PBXFrameworksBuildPhase section */

/* Begin PBXGroup section */
		3493C3A9D1CB23B6315C59BF /* Pods */ = {
			isa = PBXGroup;
			children = (
				A92A105B2D342BBE7AAB95A5 /* Pods-testing.debug.xcconfig */,
				CA8A40608870D5DA212FCA52 /* Pods-testing.release.xcconfig */,
				D7D3E24EF788638A3495EB31 /* Pods-testingTests.debug.xcconfig */,
				EB548F5211C55CB5D8ACE0C4 /* Pods-testingTests.release.xcconfig */,
				BE1D466456BD14A32E960DDD /* Pods-testingUITests.debug.xcconfig */,
				A5C2E735AE40AD3E347298E6 /* Pods-testingUITests.release.xcconfig */,
			);
			name = Pods;
			sourceTree = "<group>";
		};
		7FBBDF39215379A8007F015F = {
			isa = PBXGroup;
			children = (
				7FBBDF44215379A8007F015F /* testing */,
				7FBBDF5C215379B5007F015F /* testingTests */,
				7FBBDF67215379B5007F015F /* testingUITests */,
				7FBBDF43215379A8007F015F /* Products */,
				3493C3A9D1CB23B6315C59BF /* Pods */,
				81547EF1A4636C9CAA6B86E5 /* Frameworks */,
			);
			sourceTree = "<group>";
		};
		7FBBDF43215379A8007F015F /* Products */ = {
			isa = PBXGroup;
			children = (
				7FBBDF42215379A8007F015F /* testing.app */,
				7FBBDF59215379B5007F015F /* testingTests.xctest */,
				7FBBDF64215379B5007F015F /* testingUITests.xctest */,
			);
			name = Products;
			sourceTree = "<group>";
		};
		7FBBDF44215379A8007F015F /* testing */ = {
			isa = PBXGroup;
			children = (
				7FFC3D1621649573005C4C58 /* pushAction */,
				7FBBDF45215379A8007F015F /* AppDelegate.swift */,
				7FBBDF47215379A8007F015F /* ViewController.swift */,
				7FBBDF49215379A8007F015F /* Main.storyboard */,
				7FBBDF4F215379B4007F015F /* Assets.xcassets */,
				7FBBDF51215379B4007F015F /* LaunchScreen.storyboard */,
				7FBBDF54215379B4007F015F /* Info.plist */,
				7FBBDF4C215379A8007F015F /* testing.xcdatamodeld */,
				7FF62D3521549AF300965D34 /* ConfigViewController.swift */,
				7F04B0FE215C863A00BEB7A3 /* DatasetRealm.swift */,
				7F8F89262166F3B900A8D36A /* OnOffButton.swift */,
				7F83E115216DD06E00D3B892 /* imageTestViewController.swift */,
			);
			path = testing;
			sourceTree = "<group>";
		};
		7FBBDF5C215379B5007F015F /* testingTests */ = {
			isa = PBXGroup;
			children = (
				7FBBDF5D215379B5007F015F /* testingTests.swift */,
				7FBBDF5F215379B5007F015F /* Info.plist */,
			);
			path = testingTests;
			sourceTree = "<group>";
		};
		7FBBDF67215379B5007F015F /* testingUITests */ = {
			isa = PBXGroup;
			children = (
				7FBBDF68215379B5007F015F /* testingUITests.swift */,
				7FBBDF6A215379B5007F015F /* Info.plist */,
			);
			path = testingUITests;
			sourceTree = "<group>";
		};
		7FFC3D1621649573005C4C58 /* pushAction */ = {
			isa = PBXGroup;
			children = (
				7FBBDF7621537B52007F015F /* pushAction.swift */,
				7FFC3D172166EE47005C4C58 /* voiceConfig.swift */,
			);
			path = pushAction;
			sourceTree = "<group>";
		};
		81547EF1A4636C9CAA6B86E5 /* Frameworks */ = {
			isa = PBXGroup;
			children = (
				7FBA6AAB2159FB6C00E376C9 /* BEMCheckBox.framework */,
				7FBA6AA72159FB3400E376C9 /* Realm.framework */,
				7FBA6AA92159FB3400E376C9 /* RealmSwift.framework */,
				E7DD04B32DD20D36AC8BCC2B /* Pods_testing.framework */,
				36BEEDF8FA84A009CDDA065F /* Pods_testingTests.framework */,
				066CCB1196948EDB3836730E /* Pods_testingUITests.framework */,
			);
			name = Frameworks;
			sourceTree = "<group>";
		};
/* End PBXGroup section */

/* Begin PBXNativeTarget section */
		7FBBDF41215379A8007F015F /* testing */ = {
			isa = PBXNativeTarget;
			buildConfigurationList = 7FBBDF6D215379B5007F015F /* Build configuration list for PBXNativeTarget "testing" */;
			buildPhases = (
				4A4E67075E9A349AC0950B9D /* [CP] Check Pods Manifest.lock */,
				7FBBDF3E215379A8007F015F /* Sources */,
				7FBBDF3F215379A8007F015F /* Frameworks */,
				7FBBDF40215379A8007F015F /* Resources */,
				124A64F5F9A824631C8260C2 /* [CP] Embed Pods Frameworks */,
			);
			buildRules = (
			);
			dependencies = (
			);
			name = testing;
			productName = testing;
			productReference = 7FBBDF42215379A8007F015F /* testing.app */;
			productType = "com.apple.product-type.application";
		};
		7FBBDF58215379B5007F015F /* testingTests */ = {
			isa = PBXNativeTarget;
			buildConfigurationList = 7FBBDF70215379B5007F015F /* Build configuration list for PBXNativeTarget "testingTests" */;
			buildPhases = (
				B18B23CF9E715A54A804BCC7 /* [CP] Check Pods Manifest.lock */,
				7FBBDF55215379B5007F015F /* Sources */,
				7FBBDF56215379B5007F015F /* Frameworks */,
				7FBBDF57215379B5007F015F /* Resources */,
			);
			buildRules = (
			);
			dependencies = (
				7FBBDF5B215379B5007F015F /* PBXTargetDependency */,
			);
			name = testingTests;
			productName = testingTests;
			productReference = 7FBBDF59215379B5007F015F /* testingTests.xctest */;
			productType = "com.apple.product-type.bundle.unit-test";
		};
		7FBBDF63215379B5007F015F /* testingUITests */ = {
			isa = PBXNativeTarget;
			buildConfigurationList = 7FBBDF73215379B5007F015F /* Build configuration list for PBXNativeTarget "testingUITests" */;
			buildPhases = (
				3DF3FED95112040DD9B01902 /* [CP] Check Pods Manifest.lock */,
				7FBBDF60215379B5007F015F /* Sources */,
				7FBBDF61215379B5007F015F /* Frameworks */,
				7FBBDF62215379B5007F015F /* Resources */,
			);
			buildRules = (
			);
			dependencies = (
				7FBBDF66215379B5007F015F /* PBXTargetDependency */,
			);
			name = testingUITests;
			productName = testingUITests;
			productReference = 7FBBDF64215379B5007F015F /* testingUITests.xctest */;
			productType = "com.apple.product-type.bundle.ui-testing";
		};
/* End PBXNativeTarget section */

/* Begin PBXProject section */
		7FBBDF3A215379A8007F015F /* Project object */ = {
			isa = PBXProject;
			attributes = {
				LastSwiftUpdateCheck = 1000;
				LastUpgradeCheck = 1000;
				ORGANIZATIONNAME = "大家拓";
				TargetAttributes = {
					7FBBDF41215379A8007F015F = {
						CreatedOnToolsVersion = 10.0;
					};
					7FBBDF58215379B5007F015F = {
						CreatedOnToolsVersion = 10.0;
						TestTargetID = 7FBBDF41215379A8007F015F;
					};
					7FBBDF63215379B5007F015F = {
						CreatedOnToolsVersion = 10.0;
						TestTargetID = 7FBBDF41215379A8007F015F;
					};
				};
			};
			buildConfigurationList = 7FBBDF3D215379A8007F015F /* Build configuration list for PBXProject "testing" */;
			compatibilityVersion = "Xcode 9.3";
			developmentRegion = en;
			hasScannedForEncodings = 0;
			knownRegions = (
				en,
				Base,
			);
			mainGroup = 7FBBDF39215379A8007F015F;
			productRefGroup = 7FBBDF43215379A8007F015F /* Products */;
			projectDirPath = "";
			projectRoot = "";
			targets = (
				7FBBDF41215379A8007F015F /* testing */,
				7FBBDF58215379B5007F015F /* testingTests */,
				7FBBDF63215379B5007F015F /* testingUITests */,
			);
		};
/* End PBXProject section */

/* Begin PBXResourcesBuildPhase section */
		7FBBDF40215379A8007F015F /* Resources */ = {
			isa = PBXResourcesBuildPhase;
			buildActionMask = 2147483647;
			files = (
				7FBBDF53215379B4007F015F /* LaunchScreen.storyboard in Resources */,
				7FBBDF50215379B4007F015F /* Assets.xcassets in Resources */,
				7FBBDF4B215379A8007F015F /* Main.storyboard in Resources */,
			);
			runOnlyForDeploymentPostprocessing = 0;
		};
		7FBBDF57215379B5007F015F /* Resources */ = {
			isa = PBXResourcesBuildPhase;
			buildActionMask = 2147483647;
			files = (
			);
			runOnlyForDeploymentPostprocessing = 0;
		};
		7FBBDF62215379B5007F015F /* Resources */ = {
			isa = PBXResourcesBuildPhase;
			buildActionMask = 2147483647;
			files = (
			);
			runOnlyForDeploymentPostprocessing = 0;
		};
/* End PBXResourcesBuildPhase section */

/* Begin PBXShellScriptBuildPhase section */
		124A64F5F9A824631C8260C2 /* [CP] Embed Pods Frameworks */ = {
			isa = PBXShellScriptBuildPhase;
			buildActionMask = 2147483647;
			files = (
			);
			inputFileListPaths = (
			);
			inputPaths = (
				"${SRCROOT}/Pods/Target Support Files/Pods-testing/Pods-testing-frameworks.sh",
				"${BUILT_PRODUCTS_DIR}/BEMCheckBox/BEMCheckBox.framework",
				"${BUILT_PRODUCTS_DIR}/Realm/Realm.framework",
				"${BUILT_PRODUCTS_DIR}/RealmSwift/RealmSwift.framework",
			);
			name = "[CP] Embed Pods Frameworks";
			outputFileListPaths = (
			);
			outputPaths = (
				"${TARGET_BUILD_DIR}/${FRAMEWORKS_FOLDER_PATH}/BEMCheckBox.framework",
				"${TARGET_BUILD_DIR}/${FRAMEWORKS_FOLDER_PATH}/Realm.framework",
				"${TARGET_BUILD_DIR}/${FRAMEWORKS_FOLDER_PATH}/RealmSwift.framework",
			);
			runOnlyForDeploymentPostprocessing = 0;
			shellPath = /bin/sh;
			shellScript = "\"${SRCROOT}/Pods/Target Support Files/Pods-testing/Pods-testing-frameworks.sh\"\n";
			showEnvVarsInLog = 0;
		};
		3DF3FED95112040DD9B01902 /* [CP] Check Pods Manifest.lock */ = {
			isa = PBXShellScriptBuildPhase;
			buildActionMask = 2147483647;
			files = (
			);
			inputFileListPaths = (
			);
			inputPaths = (
				"${PODS_PODFILE_DIR_PATH}/Podfile.lock",
				"${PODS_ROOT}/Manifest.lock",
			);
			name = "[CP] Check Pods Manifest.lock";
			outputFileListPaths = (
			);
			outputPaths = (
				"$(DERIVED_FILE_DIR)/Pods-testingUITests-checkManifestLockResult.txt",
			);
			runOnlyForDeploymentPostprocessing = 0;
			shellPath = /bin/sh;
			shellScript = "diff \"${PODS_PODFILE_DIR_PATH}/Podfile.lock\" \"${PODS_ROOT}/Manifest.lock\" > /dev/null\nif [ $? != 0 ] ; then\n    # print error to STDERR\n    echo \"error: The sandbox is not in sync with the Podfile.lock. Run 'pod install' or update your CocoaPods installation.\" >&2\n    exit 1\nfi\n# This output is used by Xcode 'outputs' to avoid re-running this script phase.\necho \"SUCCESS\" > \"${SCRIPT_OUTPUT_FILE_0}\"\n";
			showEnvVarsInLog = 0;
		};
		4A4E67075E9A349AC0950B9D /* [CP] Check Pods Manifest.lock */ = {
			isa = PBXShellScriptBuildPhase;
			buildActionMask = 2147483647;
			files = (
			);
			inputFileListPaths = (
			);
			inputPaths = (
				"${PODS_PODFILE_DIR_PATH}/Podfile.lock",
				"${PODS_ROOT}/Manifest.lock",
			);
			name = "[CP] Check Pods Manifest.lock";
			outputFileListPaths = (
			);
			outputPaths = (
				"$(DERIVED_FILE_DIR)/Pods-testing-checkManifestLockResult.txt",
			);
			runOnlyForDeploymentPostprocessing = 0;
			shellPath = /bin/sh;
			shellScript = "diff \"${PODS_PODFILE_DIR_PATH}/Podfile.lock\" \"${PODS_ROOT}/Manifest.lock\" > /dev/null\nif [ $? != 0 ] ; then\n    # print error to STDERR\n    echo \"error: The sandbox is not in sync with the Podfile.lock. Run 'pod install' or update your CocoaPods installation.\" >&2\n    exit 1\nfi\n# This output is used by Xcode 'outputs' to avoid re-running this script phase.\necho \"SUCCESS\" > \"${SCRIPT_OUTPUT_FILE_0}\"\n";
			showEnvVarsInLog = 0;
		};
		B18B23CF9E715A54A804BCC7 /* [CP] Check Pods Manifest.lock */ = {
			isa = PBXShellScriptBuildPhase;
			buildActionMask = 2147483647;
			files = (
			);
			inputFileListPaths = (
			);
			inputPaths = (
				"${PODS_PODFILE_DIR_PATH}/Podfile.lock",
				"${PODS_ROOT}/Manifest.lock",
			);
			name = "[CP] Check Pods Manifest.lock";
			outputFileListPaths = (
			);
			outputPaths = (
				"$(DERIVED_FILE_DIR)/Pods-testingTests-checkManifestLockResult.txt",
			);
			runOnlyForDeploymentPostprocessing = 0;
			shellPath = /bin/sh;
			shellScript = "diff \"${PODS_PODFILE_DIR_PATH}/Podfile.lock\" \"${PODS_ROOT}/Manifest.lock\" > /dev/null\nif [ $? != 0 ] ; then\n    # print error to STDERR\n    echo \"error: The sandbox is not in sync with the Podfile.lock. Run 'pod install' or update your CocoaPods installation.\" >&2\n    exit 1\nfi\n# This output is used by Xcode 'outputs' to avoid re-running this script phase.\necho \"SUCCESS\" > \"${SCRIPT_OUTPUT_FILE_0}\"\n";
			showEnvVarsInLog = 0;
		};
/* End PBXShellScriptBuildPhase section */

/* Begin PBXSourcesBuildPhase section */
		7FBBDF3E215379A8007F015F /* Sources */ = {
			isa = PBXSourcesBuildPhase;
			buildActionMask = 2147483647;
			files = (
				7F8F89272166F3BA00A8D36A /* OnOffButton.swift in Sources */,
				7FBBDF48215379A8007F015F /* ViewController.swift in Sources */,
				7FBBDF7721537B52007F015F /* pushAction.swift in Sources */,
				7FBBDF46215379A8007F015F /* AppDelegate.swift in Sources */,
				7F04B0FF215C863A00BEB7A3 /* DatasetRealm.swift in Sources */,
				7F83E116216DD06E00D3B892 /* imageTestViewController.swift in Sources */,
				7FFC3D182166EE47005C4C58 /* voiceConfig.swift in Sources */,
				7FF62D3621549AF300965D34 /* ConfigViewController.swift in Sources */,
				7FBBDF4E215379A8007F015F /* testing.xcdatamodeld in Sources */,
			);
			runOnlyForDeploymentPostprocessing = 0;
		};
		7FBBDF55215379B5007F015F /* Sources */ = {
			isa = PBXSourcesBuildPhase;
			buildActionMask = 2147483647;
			files = (
				7FBBDF5E215379B5007F015F /* testingTests.swift in Sources */,
			);
			runOnlyForDeploymentPostprocessing = 0;
		};
		7FBBDF60215379B5007F015F /* Sources */ = {
			isa = PBXSourcesBuildPhase;
			buildActionMask = 2147483647;
			files = (
				7FBBDF69215379B5007F015F /* testingUITests.swift in Sources */,
			);
			runOnlyForDeploymentPostprocessing = 0;
		};
/* End PBXSourcesBuildPhase section */

/* Begin PBXTargetDependency section */
		7FBBDF5B215379B5007F015F /* PBXTargetDependency */ = {
			isa = PBXTargetDependency;
			target = 7FBBDF41215379A8007F015F /* testing */;
			targetProxy = 7FBBDF5A215379B5007F015F /* PBXContainerItemProxy */;
		};
		7FBBDF66215379B5007F015F /* PBXTargetDependency */ = {
			isa = PBXTargetDependency;
			target = 7FBBDF41215379A8007F015F /* testing */;
			targetProxy = 7FBBDF65215379B5007F015F /* PBXContainerItemProxy */;
		};
/* End PBXTargetDependency section */

/* Begin PBXVariantGroup section */
		7FBBDF49215379A8007F015F /* Main.storyboard */ = {
			isa = PBXVariantGroup;
			children = (
				7FBBDF4A215379A8007F015F /* Base */,
			);
			name = Main.storyboard;
			sourceTree = "<group>";
		};
		7FBBDF51215379B4007F015F /* LaunchScreen.storyboard */ = {
			isa = PBXVariantGroup;
			children = (
				7FBBDF52215379B4007F015F /* Base */,
			);
			name = LaunchScreen.storyboard;
			sourceTree = "<group>";
		};
/* End PBXVariantGroup section */

/* Begin XCBuildConfiguration section */
		7FBBDF6B215379B5007F015F /* Debug */ = {
			isa = XCBuildConfiguration;
			buildSettings = {
				ALWAYS_SEARCH_USER_PATHS = NO;
				CLANG_ANALYZER_NONNULL = YES;
				CLANG_ANALYZER_NUMBER_OBJECT_CONVERSION = YES_AGGRESSIVE;
				CLANG_CXX_LANGUAGE_STANDARD = "gnu++14";
				CLANG_CXX_LIBRARY = "libc++";
				CLANG_ENABLE_MODULES = YES;
				CLANG_ENABLE_OBJC_ARC = YES;
				CLANG_ENABLE_OBJC_WEAK = YES;
				CLANG_WARN_BLOCK_CAPTURE_AUTORELEASING = YES;
				CLANG_WARN_BOOL_CONVERSION = YES;
				CLANG_WARN_COMMA = YES;
				CLANG_WARN_CONSTANT_CONVERSION = YES;
				CLANG_WARN_DEPRECATED_OBJC_IMPLEMENTATIONS = YES;
				CLANG_WARN_DIRECT_OBJC_ISA_USAGE = YES_ERROR;
				CLANG_WARN_DOCUMENTATION_COMMENTS = YES;
				CLANG_WARN_EMPTY_BODY = YES;
				CLANG_WARN_ENUM_CONVERSION = YES;
				CLANG_WARN_INFINITE_RECURSION = YES;
				CLANG_WARN_INT_CONVERSION = YES;
				CLANG_WARN_NON_LITERAL_NULL_CONVERSION = YES;
				CLANG_WARN_OBJC_IMPLICIT_RETAIN_SELF = YES;
				CLANG_WARN_OBJC_LITERAL_CONVERSION = YES;
				CLANG_WARN_OBJC_ROOT_CLASS = YES_ERROR;
				CLANG_WARN_RANGE_LOOP_ANALYSIS = YES;
				CLANG_WARN_STRICT_PROTOTYPES = YES;
				CLANG_WARN_SUSPICIOUS_MOVE = YES;
				CLANG_WARN_UNGUARDED_AVAILABILITY = YES_AGGRESSIVE;
				CLANG_WARN_UNREACHABLE_CODE = YES;
				CLANG_WARN__DUPLICATE_METHOD_MATCH = YES;
				CODE_SIGN_IDENTITY = "iPhone Developer";
				COPY_PHASE_STRIP = NO;
				DEBUG_INFORMATION_FORMAT = dwarf;
				ENABLE_STRICT_OBJC_MSGSEND = YES;
				ENABLE_TESTABILITY = YES;
				GCC_C_LANGUAGE_STANDARD = gnu11;
				GCC_DYNAMIC_NO_PIC = NO;
				GCC_NO_COMMON_BLOCKS = YES;
				GCC_OPTIMIZATION_LEVEL = 0;
				GCC_PREPROCESSOR_DEFINITIONS = (
					"DEBUG=1",
					"$(inherited)",
				);
				GCC_WARN_64_TO_32_BIT_CONVERSION = YES;
				GCC_WARN_ABOUT_RETURN_TYPE = YES_ERROR;
				GCC_WARN_UNDECLARED_SELECTOR = YES;
				GCC_WARN_UNINITIALIZED_AUTOS = YES_AGGRESSIVE;
				GCC_WARN_UNUSED_FUNCTION = YES;
				GCC_WARN_UNUSED_VARIABLE = YES;
				IPHONEOS_DEPLOYMENT_TARGET = 12.0;
				MTL_ENABLE_DEBUG_INFO = INCLUDE_SOURCE;
				MTL_FAST_MATH = YES;
				ONLY_ACTIVE_ARCH = YES;
				SDKROOT = iphoneos;
				SWIFT_ACTIVE_COMPILATION_CONDITIONS = DEBUG;
				SWIFT_OPTIMIZATION_LEVEL = "-Onone";
			};
			name = Debug;
		};
		7FBBDF6C215379B5007F015F /* Release */ = {
			isa = XCBuildConfiguration;
			buildSettings = {
				ALWAYS_SEARCH_USER_PATHS = NO;
				CLANG_ANALYZER_NONNULL = YES;
				CLANG_ANALYZER_NUMBER_OBJECT_CONVERSION = YES_AGGRESSIVE;
				CLANG_CXX_LANGUAGE_STANDARD = "gnu++14";
				CLANG_CXX_LIBRARY = "libc++";
				CLANG_ENABLE_MODULES = YES;
				CLANG_ENABLE_OBJC_ARC = YES;
				CLANG_ENABLE_OBJC_WEAK = YES;
				CLANG_WARN_BLOCK_CAPTURE_AUTORELEASING = YES;
				CLANG_WARN_BOOL_CONVERSION = YES;
				CLANG_WARN_COMMA = YES;
				CLANG_WARN_CONSTANT_CONVERSION = YES;
				CLANG_WARN_DEPRECATED_OBJC_IMPLEMENTATIONS = YES;
				CLANG_WARN_DIRECT_OBJC_ISA_USAGE = YES_ERROR;
				CLANG_WARN_DOCUMENTATION_COMMENTS = YES;
				CLANG_WARN_EMPTY_BODY = YES;
				CLANG_WARN_ENUM_CONVERSION = YES;
				CLANG_WARN_INFINITE_RECURSION = YES;
				CLANG_WARN_INT_CONVERSION = YES;
				CLANG_WARN_NON_LITERAL_NULL_CONVERSION = YES;
				CLANG_WARN_OBJC_IMPLICIT_RETAIN_SELF = YES;
				CLANG_WARN_OBJC_LITERAL_CONVERSION = YES;
				CLANG_WARN_OBJC_ROOT_CLASS = YES_ERROR;
				CLANG_WARN_RANGE_LOOP_ANALYSIS = YES;
				CLANG_WARN_STRICT_PROTOTYPES = YES;
				CLANG_WARN_SUSPICIOUS_MOVE = YES;
				CLANG_WARN_UNGUARDED_AVAILABILITY = YES_AGGRESSIVE;
				CLANG_WARN_UNREACHABLE_CODE = YES;
				CLANG_WARN__DUPLICATE_METHOD_MATCH = YES;
				CODE_SIGN_IDENTITY = "iPhone Developer";
				COPY_PHASE_STRIP = NO;
				DEBUG_INFORMATION_FORMAT = "dwarf-with-dsym";
				ENABLE_NS_ASSERTIONS = NO;
				ENABLE_STRICT_OBJC_MSGSEND = YES;
				GCC_C_LANGUAGE_STANDARD = gnu11;
				GCC_NO_COMMON_BLOCKS = YES;
				GCC_WARN_64_TO_32_BIT_CONVERSION = YES;
				GCC_WARN_ABOUT_RETURN_TYPE = YES_ERROR;
				GCC_WARN_UNDECLARED_SELECTOR = YES;
				GCC_WARN_UNINITIALIZED_AUTOS = YES_AGGRESSIVE;
				GCC_WARN_UNUSED_FUNCTION = YES;
				GCC_WARN_UNUSED_VARIABLE = YES;
				IPHONEOS_DEPLOYMENT_TARGET = 12.0;
				MTL_ENABLE_DEBUG_INFO = NO;
				MTL_FAST_MATH = YES;
				SDKROOT = iphoneos;
				SWIFT_COMPILATION_MODE = wholemodule;
				SWIFT_OPTIMIZATION_LEVEL = "-O";
				VALIDATE_PRODUCT = YES;
			};
			name = Release;
		};
		7FBBDF6E215379B5007F015F /* Debug */ = {
			isa = XCBuildConfiguration;
			baseConfigurationReference = A92A105B2D342BBE7AAB95A5 /* Pods-testing.debug.xcconfig */;
			buildSettings = {
				ASSETCATALOG_COMPILER_APPICON_NAME = AppIcon;
				CODE_SIGN_STYLE = Automatic;
				DEVELOPMENT_TEAM = LD673FK6EZ;
				HEADER_SEARCH_PATHS = "";
				INFOPLIST_FILE = testing/Info.plist;
				LD_RUNPATH_SEARCH_PATHS = (
					"$(inherited)",
					"@executable_path/Frameworks",
				);
				LIBRARY_SEARCH_PATHS = "";
				PRODUCT_BUNDLE_IDENTIFIER = jp.ac.asojuku.st.1501028.testing;
				PRODUCT_NAME = "$(TARGET_NAME)";
				SWIFT_VERSION = 4.2;
				TARGETED_DEVICE_FAMILY = "1,2";
			};
			name = Debug;
		};
		7FBBDF6F215379B5007F015F /* Release */ = {
			isa = XCBuildConfiguration;
			baseConfigurationReference = CA8A40608870D5DA212FCA52 /* Pods-testing.release.xcconfig */;
			buildSettings = {
				ASSETCATALOG_COMPILER_APPICON_NAME = AppIcon;
				CODE_SIGN_STYLE = Automatic;
				DEVELOPMENT_TEAM = LD673FK6EZ;
				HEADER_SEARCH_PATHS = "";
				INFOPLIST_FILE = testing/Info.plist;
				LD_RUNPATH_SEARCH_PATHS = (
					"$(inherited)",
					"@executable_path/Frameworks",
				);
				LIBRARY_SEARCH_PATHS = "";
				PRODUCT_BUNDLE_IDENTIFIER = jp.ac.asojuku.st.1501028.testing;
				PRODUCT_NAME = "$(TARGET_NAME)";
				SWIFT_VERSION = 4.2;
				TARGETED_DEVICE_FAMILY = "1,2";
			};
			name = Release;
		};
		7FBBDF71215379B5007F015F /* Debug */ = {
			isa = XCBuildConfiguration;
			baseConfigurationReference = D7D3E24EF788638A3495EB31 /* Pods-testingTests.debug.xcconfig */;
			buildSettings = {
				ALWAYS_EMBED_SWIFT_STANDARD_LIBRARIES = YES;
				BUNDLE_LOADER = "$(TEST_HOST)";
				CODE_SIGN_STYLE = Automatic;
				DEVELOPMENT_TEAM = LD673FK6EZ;
				INFOPLIST_FILE = testingTests/Info.plist;
				LD_RUNPATH_SEARCH_PATHS = (
					"$(inherited)",
					"@executable_path/Frameworks",
					"@loader_path/Frameworks",
				);
				PRODUCT_BUNDLE_IDENTIFIER = jp.ac.asojuku.st.1501028.testingTests;
				PRODUCT_NAME = "$(TARGET_NAME)";
				SWIFT_VERSION = 4.2;
				TARGETED_DEVICE_FAMILY = "1,2";
				TEST_HOST = "$(BUILT_PRODUCTS_DIR)/testing.app/testing";
			};
			name = Debug;
		};
		7FBBDF72215379B5007F015F /* Release */ = {
			isa = XCBuildConfiguration;
			baseConfigurationReference = EB548F5211C55CB5D8ACE0C4 /* Pods-testingTests.release.xcconfig */;
			buildSettings = {
				ALWAYS_EMBED_SWIFT_STANDARD_LIBRARIES = YES;
				BUNDLE_LOADER = "$(TEST_HOST)";
				CODE_SIGN_STYLE = Automatic;
				DEVELOPMENT_TEAM = LD673FK6EZ;
				INFOPLIST_FILE = testingTests/Info.plist;
				LD_RUNPATH_SEARCH_PATHS = (
					"$(inherited)",
					"@executable_path/Frameworks",
					"@loader_path/Frameworks",
				);
				PRODUCT_BUNDLE_IDENTIFIER = jp.ac.asojuku.st.1501028.testingTests;
				PRODUCT_NAME = "$(TARGET_NAME)";
				SWIFT_VERSION = 4.2;
				TARGETED_DEVICE_FAMILY = "1,2";
				TEST_HOST = "$(BUILT_PRODUCTS_DIR)/testing.app/testing";
			};
			name = Release;
		};
		7FBBDF74215379B5007F015F /* Debug */ = {
			isa = XCBuildConfiguration;
			baseConfigurationReference = BE1D466456BD14A32E960DDD /* Pods-testingUITests.debug.xcconfig */;
			buildSettings = {
				ALWAYS_EMBED_SWIFT_STANDARD_LIBRARIES = YES;
				CODE_SIGN_STYLE = Automatic;
				DEVELOPMENT_TEAM = LD673FK6EZ;
				INFOPLIST_FILE = testingUITests/Info.plist;
				LD_RUNPATH_SEARCH_PATHS = (
					"$(inherited)",
					"@executable_path/Frameworks",
					"@loader_path/Frameworks",
				);
				PRODUCT_BUNDLE_IDENTIFIER = jp.ac.asojuku.st.1501028.testingUITests;
				PRODUCT_NAME = "$(TARGET_NAME)";
				SWIFT_VERSION = 4.2;
				TARGETED_DEVICE_FAMILY = "1,2";
				TEST_TARGET_NAME = testing;
			};
			name = Debug;
		};
		7FBBDF75215379B5007F015F /* Release */ = {
			isa = XCBuildConfiguration;
			baseConfigurationReference = A5C2E735AE40AD3E347298E6 /* Pods-testingUITests.release.xcconfig */;
			buildSettings = {
				ALWAYS_EMBED_SWIFT_STANDARD_LIBRARIES = YES;
				CODE_SIGN_STYLE = Automatic;
				DEVELOPMENT_TEAM = LD673FK6EZ;
				INFOPLIST_FILE = testingUITests/Info.plist;
				LD_RUNPATH_SEARCH_PATHS = (
					"$(inherited)",
					"@executable_path/Frameworks",
					"@loader_path/Frameworks",
				);
				PRODUCT_BUNDLE_IDENTIFIER = jp.ac.asojuku.st.1501028.testingUITests;
				PRODUCT_NAME = "$(TARGET_NAME)";
				SWIFT_VERSION = 4.2;
				TARGETED_DEVICE_FAMILY = "1,2";
				TEST_TARGET_NAME = testing;
			};
			name = Release;
		};
/* End XCBuildConfiguration section */

/* Begin XCConfigurationList section */
		7FBBDF3D215379A8007F015F /* Build configuration list for PBXProject "testing" */ = {
			isa = XCConfigurationList;
			buildConfigurations = (
				7FBBDF6B215379B5007F015F /* Debug */,
				7FBBDF6C215379B5007F015F /* Release */,
			);
			defaultConfigurationIsVisible = 0;
			defaultConfigurationName = Release;
		};
		7FBBDF6D215379B5007F015F /* Build configuration list for PBXNativeTarget "testing" */ = {
			isa = XCConfigurationList;
			buildConfigurations = (
				7FBBDF6E215379B5007F015F /* Debug */,
				7FBBDF6F215379B5007F015F /* Release */,
			);
			defaultConfigurationIsVisible = 0;
			defaultConfigurationName = Release;
		};
		7FBBDF70215379B5007F015F /* Build configuration list for PBXNativeTarget "testingTests" */ = {
			isa = XCConfigurationList;
			buildConfigurations = (
				7FBBDF71215379B5007F015F /* Debug */,
				7FBBDF72215379B5007F015F /* Release */,
			);
			defaultConfigurationIsVisible = 0;
			defaultConfigurationName = Release;
		};
		7FBBDF73215379B5007F015F /* Build configuration list for PBXNativeTarget "testingUITests" */ = {
			isa = XCConfigurationList;
			buildConfigurations = (
				7FBBDF74215379B5007F015F /* Debug */,
				7FBBDF75215379B5007F015F /* Release */,
			);
			defaultConfigurationIsVisible = 0;
			defaultConfigurationName = Release;
		};
/* End XCConfigurationList section */

/* Begin XCVersionGroup section */
		7FBBDF4C215379A8007F015F /* testing.xcdatamodeld */ = {
			isa = XCVersionGroup;
			children = (
				7FBBDF4D215379A8007F015F /* testing.xcdatamodel */,
			);
			currentVersion = 7FBBDF4D215379A8007F015F /* testing.xcdatamodel */;
			path = testing.xcdatamodeld;
			sourceTree = "<group>";
			versionGroupType = wrapper.xcdatamodel;
		};
/* End XCVersionGroup section */
	};
	rootObject = 7FBBDF3A215379A8007F015F /* Project object */;
}
